# This file is automatically @generated by Cargo.
# It is not intended for manual editing.
version = 4

[[package]]
name = "rig"
version = "0.3.0"
dependencies = [
 "serde",
 "serde_json",
]

[[package]]
name = "serde"
version = "1.0.0"
dependencies = [
 "serde_derive",
]

[[package]]
name = "serde_derive"
version = "1.0.0"

[[package]]
name = "serde_json"
version = "1.0.0"
dependencies = [
 "serde",
]
